{
  "lockfileVersion": 1,
  "workspaces": {
    "": {
      "name": "innerscope",
      "dependencies": {
        "copyfiles": "^2.4.1",
        "tsc": "^2.0.4",
        "vite": "^6.0.11",
      },
      "devDependencies": {
        "typescript": "^5.8.3",
      },
    },
  },
  "packages": {
    "@esbuild/aix-ppc64": ["@esbuild/aix-ppc64@0.24.2", "", { "os": "aix", "cpu": "ppc64" }, "sha512-thpVCb/rhxE/BnMLQ7GReQLLN8q9qbHmI55F4489/ByVg2aQaQ6kbcLb6FHkocZzQhxc4gx0sCk0tJkKBFzDhA=="],

    "@esbuild/android-arm": ["@esbuild/android-arm@0.24.2", "", { "os": "android", "cpu": "arm" }, "sha512-tmwl4hJkCfNHwFB3nBa8z1Uy3ypZpxqxfTQOcHX+xRByyYgunVbZ9MzUUfb0RxaHIMnbHagwAxuTL+tnNM+1/Q=="],

    "@esbuild/android-arm64": ["@esbuild/android-arm64@0.24.2", "", { "os": "android", "cpu": "arm64" }, "sha512-cNLgeqCqV8WxfcTIOeL4OAtSmL8JjcN6m09XIgro1Wi7cF4t/THaWEa7eL5CMoMBdjoHOTh/vwTO/o2TRXIyzg=="],

    "@esbuild/android-x64": ["@esbuild/android-x64@0.24.2", "", { "os": "android", "cpu": "x64" }, "sha512-B6Q0YQDqMx9D7rvIcsXfmJfvUYLoP722bgfBlO5cGvNVb5V/+Y7nhBE3mHV9OpxBf4eAS2S68KZztiPaWq4XYw=="],

    "@esbuild/darwin-arm64": ["@esbuild/darwin-arm64@0.24.2", "", { "os": "darwin", "cpu": "arm64" }, "sha512-kj3AnYWc+CekmZnS5IPu9D+HWtUI49hbnyqk0FLEJDbzCIQt7hg7ucF1SQAilhtYpIujfaHr6O0UHlzzSPdOeA=="],

    "@esbuild/darwin-x64": ["@esbuild/darwin-x64@0.24.2", "", { "os": "darwin", "cpu": "x64" }, "sha512-WeSrmwwHaPkNR5H3yYfowhZcbriGqooyu3zI/3GGpF8AyUdsrrP0X6KumITGA9WOyiJavnGZUwPGvxvwfWPHIA=="],

    "@esbuild/freebsd-arm64": ["@esbuild/freebsd-arm64@0.24.2", "", { "os": "freebsd", "cpu": "arm64" }, "sha512-UN8HXjtJ0k/Mj6a9+5u6+2eZ2ERD7Edt1Q9IZiB5UZAIdPnVKDoG7mdTVGhHJIeEml60JteamR3qhsr1r8gXvg=="],

    "@esbuild/freebsd-x64": ["@esbuild/freebsd-x64@0.24.2", "", { "os": "freebsd", "cpu": "x64" }, "sha512-TvW7wE/89PYW+IevEJXZ5sF6gJRDY/14hyIGFXdIucxCsbRmLUcjseQu1SyTko+2idmCw94TgyaEZi9HUSOe3Q=="],

    "@esbuild/linux-arm": ["@esbuild/linux-arm@0.24.2", "", { "os": "linux", "cpu": "arm" }, "sha512-n0WRM/gWIdU29J57hJyUdIsk0WarGd6To0s+Y+LwvlC55wt+GT/OgkwoXCXvIue1i1sSNWblHEig00GBWiJgfA=="],

    "@esbuild/linux-arm64": ["@esbuild/linux-arm64@0.24.2", "", { "os": "linux", "cpu": "arm64" }, "sha512-7HnAD6074BW43YvvUmE/35Id9/NB7BeX5EoNkK9obndmZBUk8xmJJeU7DwmUeN7tkysslb2eSl6CTrYz6oEMQg=="],

    "@esbuild/linux-ia32": ["@esbuild/linux-ia32@0.24.2", "", { "os": "linux", "cpu": "ia32" }, "sha512-sfv0tGPQhcZOgTKO3oBE9xpHuUqguHvSo4jl+wjnKwFpapx+vUDcawbwPNuBIAYdRAvIDBfZVvXprIj3HA+Ugw=="],

    "@esbuild/linux-loong64": ["@esbuild/linux-loong64@0.24.2", "", { "os": "linux", "cpu": "none" }, "sha512-CN9AZr8kEndGooS35ntToZLTQLHEjtVB5n7dl8ZcTZMonJ7CCfStrYhrzF97eAecqVbVJ7APOEe18RPI4KLhwQ=="],

    "@esbuild/linux-mips64el": ["@esbuild/linux-mips64el@0.24.2", "", { "os": "linux", "cpu": "none" }, "sha512-iMkk7qr/wl3exJATwkISxI7kTcmHKE+BlymIAbHO8xanq/TjHaaVThFF6ipWzPHryoFsesNQJPE/3wFJw4+huw=="],

    "@esbuild/linux-ppc64": ["@esbuild/linux-ppc64@0.24.2", "", { "os": "linux", "cpu": "ppc64" }, "sha512-shsVrgCZ57Vr2L8mm39kO5PPIb+843FStGt7sGGoqiiWYconSxwTiuswC1VJZLCjNiMLAMh34jg4VSEQb+iEbw=="],

    "@esbuild/linux-riscv64": ["@esbuild/linux-riscv64@0.24.2", "", { "os": "linux", "cpu": "none" }, "sha512-4eSFWnU9Hhd68fW16GD0TINewo1L6dRrB+oLNNbYyMUAeOD2yCK5KXGK1GH4qD/kT+bTEXjsyTCiJGHPZ3eM9Q=="],

    "@esbuild/linux-s390x": ["@esbuild/linux-s390x@0.24.2", "", { "os": "linux", "cpu": "s390x" }, "sha512-S0Bh0A53b0YHL2XEXC20bHLuGMOhFDO6GN4b3YjRLK//Ep3ql3erpNcPlEFed93hsQAjAQDNsvcK+hV90FubSw=="],

    "@esbuild/linux-x64": ["@esbuild/linux-x64@0.24.2", "", { "os": "linux", "cpu": "x64" }, "sha512-8Qi4nQcCTbLnK9WoMjdC9NiTG6/E38RNICU6sUNqK0QFxCYgoARqVqxdFmWkdonVsvGqWhmm7MO0jyTqLqwj0Q=="],

    "@esbuild/netbsd-arm64": ["@esbuild/netbsd-arm64@0.24.2", "", { "os": "none", "cpu": "arm64" }, "sha512-wuLK/VztRRpMt9zyHSazyCVdCXlpHkKm34WUyinD2lzK07FAHTq0KQvZZlXikNWkDGoT6x3TD51jKQ7gMVpopw=="],

    "@esbuild/netbsd-x64": ["@esbuild/netbsd-x64@0.24.2", "", { "os": "none", "cpu": "x64" }, "sha512-VefFaQUc4FMmJuAxmIHgUmfNiLXY438XrL4GDNV1Y1H/RW3qow68xTwjZKfj/+Plp9NANmzbH5R40Meudu8mmw=="],

    "@esbuild/openbsd-arm64": ["@esbuild/openbsd-arm64@0.24.2", "", { "os": "openbsd", "cpu": "arm64" }, "sha512-YQbi46SBct6iKnszhSvdluqDmxCJA+Pu280Av9WICNwQmMxV7nLRHZfjQzwbPs3jeWnuAhE9Jy0NrnJ12Oz+0A=="],

    "@esbuild/openbsd-x64": ["@esbuild/openbsd-x64@0.24.2", "", { "os": "openbsd", "cpu": "x64" }, "sha512-+iDS6zpNM6EnJyWv0bMGLWSWeXGN/HTaF/LXHXHwejGsVi+ooqDfMCCTerNFxEkM3wYVcExkeGXNqshc9iMaOA=="],

    "@esbuild/sunos-x64": ["@esbuild/sunos-x64@0.24.2", "", { "os": "sunos", "cpu": "x64" }, "sha512-hTdsW27jcktEvpwNHJU4ZwWFGkz2zRJUz8pvddmXPtXDzVKTTINmlmga3ZzwcuMpUvLw7JkLy9QLKyGpD2Yxig=="],

    "@esbuild/win32-arm64": ["@esbuild/win32-arm64@0.24.2", "", { "os": "win32", "cpu": "arm64" }, "sha512-LihEQ2BBKVFLOC9ZItT9iFprsE9tqjDjnbulhHoFxYQtQfai7qfluVODIYxt1PgdoyQkz23+01rzwNwYfutxUQ=="],

    "@esbuild/win32-ia32": ["@esbuild/win32-ia32@0.24.2", "", { "os": "win32", "cpu": "ia32" }, "sha512-q+iGUwfs8tncmFC9pcnD5IvRHAzmbwQ3GPS5/ceCyHdjXubwQWI12MKWSNSMYLJMq23/IUCvJMS76PDqXe1fxA=="],

    "@esbuild/win32-x64": ["@esbuild/win32-x64@0.24.2", "", { "os": "win32", "cpu": "x64" }, "sha512-7VTgWzgMGvup6aSqDPLiW5zHaxYJGTO4OokMjIlrCtf+VpEL+cXKtCvg723iguPYI5oaUNdS+/V7OU2gvXVWEg=="],

    "@rollup/rollup-android-arm-eabi": ["@rollup/rollup-android-arm-eabi@4.32.0", "", { "os": "android", "cpu": "arm" }, "sha512-G2fUQQANtBPsNwiVFg4zKiPQyjVKZCUdQUol53R8E71J7AsheRMV/Yv/nB8giOcOVqP7//eB5xPqieBYZe9bGg=="],

    "@rollup/rollup-android-arm64": ["@rollup/rollup-android-arm64@4.32.0", "", { "os": "android", "cpu": "arm64" }, "sha512-qhFwQ+ljoymC+j5lXRv8DlaJYY/+8vyvYmVx074zrLsu5ZGWYsJNLjPPVJJjhZQpyAKUGPydOq9hRLLNvh1s3A=="],

    "@rollup/rollup-darwin-arm64": ["@rollup/rollup-darwin-arm64@4.32.0", "", { "os": "darwin", "cpu": "arm64" }, "sha512-44n/X3lAlWsEY6vF8CzgCx+LQaoqWGN7TzUfbJDiTIOjJm4+L2Yq+r5a8ytQRGyPqgJDs3Rgyo8eVL7n9iW6AQ=="],

    "@rollup/rollup-darwin-x64": ["@rollup/rollup-darwin-x64@4.32.0", "", { "os": "darwin", "cpu": "x64" }, "sha512-F9ct0+ZX5Np6+ZDztxiGCIvlCaW87HBdHcozUfsHnj1WCUTBUubAoanhHUfnUHZABlElyRikI0mgcw/qdEm2VQ=="],

    "@rollup/rollup-freebsd-arm64": ["@rollup/rollup-freebsd-arm64@4.32.0", "", { "os": "freebsd", "cpu": "arm64" }, "sha512-JpsGxLBB2EFXBsTLHfkZDsXSpSmKD3VxXCgBQtlPcuAqB8TlqtLcbeMhxXQkCDv1avgwNjF8uEIbq5p+Cee0PA=="],

    "@rollup/rollup-freebsd-x64": ["@rollup/rollup-freebsd-x64@4.32.0", "", { "os": "freebsd", "cpu": "x64" }, "sha512-wegiyBT6rawdpvnD9lmbOpx5Sph+yVZKHbhnSP9MqUEDX08G4UzMU+D87jrazGE7lRSyTRs6NEYHtzfkJ3FjjQ=="],

    "@rollup/rollup-linux-arm-gnueabihf": ["@rollup/rollup-linux-arm-gnueabihf@4.32.0", "", { "os": "linux", "cpu": "arm" }, "sha512-3pA7xecItbgOs1A5H58dDvOUEboG5UfpTq3WzAdF54acBbUM+olDJAPkgj1GRJ4ZqE12DZ9/hNS2QZk166v92A=="],

    "@rollup/rollup-linux-arm-musleabihf": ["@rollup/rollup-linux-arm-musleabihf@4.32.0", "", { "os": "linux", "cpu": "arm" }, "sha512-Y7XUZEVISGyge51QbYyYAEHwpGgmRrAxQXO3siyYo2kmaj72USSG8LtlQQgAtlGfxYiOwu+2BdbPjzEpcOpRmQ=="],

    "@rollup/rollup-linux-arm64-gnu": ["@rollup/rollup-linux-arm64-gnu@4.32.0", "", { "os": "linux", "cpu": "arm64" }, "sha512-r7/OTF5MqeBrZo5omPXcTnjvv1GsrdH8a8RerARvDFiDwFpDVDnJyByYM/nX+mvks8XXsgPUxkwe/ltaX2VH7w=="],

    "@rollup/rollup-linux-arm64-musl": ["@rollup/rollup-linux-arm64-musl@4.32.0", "", { "os": "linux", "cpu": "arm64" }, "sha512-HJbifC9vex9NqnlodV2BHVFNuzKL5OnsV2dvTw6e1dpZKkNjPG6WUq+nhEYV6Hv2Bv++BXkwcyoGlXnPrjAKXw=="],

    "@rollup/rollup-linux-loongarch64-gnu": ["@rollup/rollup-linux-loongarch64-gnu@4.32.0", "", { "os": "linux", "cpu": "none" }, "sha512-VAEzZTD63YglFlWwRj3taofmkV1V3xhebDXffon7msNz4b14xKsz7utO6F8F4cqt8K/ktTl9rm88yryvDpsfOw=="],

    "@rollup/rollup-linux-powerpc64le-gnu": ["@rollup/rollup-linux-powerpc64le-gnu@4.32.0", "", { "os": "linux", "cpu": "ppc64" }, "sha512-Sts5DST1jXAc9YH/iik1C9QRsLcCoOScf3dfbY5i4kH9RJpKxiTBXqm7qU5O6zTXBTEZry69bGszr3SMgYmMcQ=="],

    "@rollup/rollup-linux-riscv64-gnu": ["@rollup/rollup-linux-riscv64-gnu@4.32.0", "", { "os": "linux", "cpu": "none" }, "sha512-qhlXeV9AqxIyY9/R1h1hBD6eMvQCO34ZmdYvry/K+/MBs6d1nRFLm6BOiITLVI+nFAAB9kUB6sdJRKyVHXnqZw=="],

    "@rollup/rollup-linux-s390x-gnu": ["@rollup/rollup-linux-s390x-gnu@4.32.0", "", { "os": "linux", "cpu": "s390x" }, "sha512-8ZGN7ExnV0qjXa155Rsfi6H8M4iBBwNLBM9lcVS+4NcSzOFaNqmt7djlox8pN1lWrRPMRRQ8NeDlozIGx3Omsw=="],

    "@rollup/rollup-linux-x64-gnu": ["@rollup/rollup-linux-x64-gnu@4.32.0", "", { "os": "linux", "cpu": "x64" }, "sha512-VDzNHtLLI5s7xd/VubyS10mq6TxvZBp+4NRWoW+Hi3tgV05RtVm4qK99+dClwTN1McA6PHwob6DEJ6PlXbY83A=="],

    "@rollup/rollup-linux-x64-musl": ["@rollup/rollup-linux-x64-musl@4.32.0", "", { "os": "linux", "cpu": "x64" }, "sha512-qcb9qYDlkxz9DxJo7SDhWxTWV1gFuwznjbTiov289pASxlfGbaOD54mgbs9+z94VwrXtKTu+2RqwlSTbiOqxGg=="],

    "@rollup/rollup-win32-arm64-msvc": ["@rollup/rollup-win32-arm64-msvc@4.32.0", "", { "os": "win32", "cpu": "arm64" }, "sha512-pFDdotFDMXW2AXVbfdUEfidPAk/OtwE/Hd4eYMTNVVaCQ6Yl8et0meDaKNL63L44Haxv4UExpv9ydSf3aSayDg=="],

    "@rollup/rollup-win32-ia32-msvc": ["@rollup/rollup-win32-ia32-msvc@4.32.0", "", { "os": "win32", "cpu": "ia32" }, "sha512-/TG7WfrCAjeRNDvI4+0AAMoHxea/USWhAzf9PVDFHbcqrQ7hMMKp4jZIy4VEjk72AAfN5k4TiSMRXRKf/0akSw=="],

    "@rollup/rollup-win32-x64-msvc": ["@rollup/rollup-win32-x64-msvc@4.32.0", "", { "os": "win32", "cpu": "x64" }, "sha512-5hqO5S3PTEO2E5VjCePxv40gIgyS2KvO7E7/vvC/NbIW4SIRamkMr1hqj+5Y67fbBWv/bQLB6KelBQmXlyCjWA=="],

    "@types/estree": ["@types/estree@1.0.6", "", {}, "sha512-AYnb1nQyY49te+VRAVgmzfcgjYS91mY5P0TKUDCLEM+gNnA+3T6rWITXRLYCpahpqSQbN5cE+gHpnPyXjHWxcw=="],

    "ansi-regex": ["ansi-regex@5.0.1", "", {}, "sha512-quJQXlTSUGL2LH9SUXo8VwsY4soanhgo6LNSm84E1LBcE8s3O0wpdiRzyR9z/ZZJMlMWv37qOOb9pdJlMUEKFQ=="],

    "ansi-styles": ["ansi-styles@4.3.0", "", { "dependencies": { "color-convert": "^2.0.1" } }, "sha512-zbB9rCJAT1rbjiVDb2hqKFHNYLxgtk8NURxZ3IZwD3F6NtxbXZQCnnSi1Lkx+IDohdPlFp222wVALIheZJQSEg=="],

    "balanced-match": ["balanced-match@1.0.2", "", {}, "sha512-3oSeUO0TMV67hN1AmbXsK4yaqU7tjiHlbxRDZOpH0KW9+CeX4bRAaX0Anxt0tx2MrpRpWwQaPwIlISEJhYU5Pw=="],

    "brace-expansion": ["brace-expansion@1.1.11", "", { "dependencies": { "balanced-match": "^1.0.0", "concat-map": "0.0.1" } }, "sha512-iCuPHDFgrHX7H2vEI/5xpz07zSHB00TpugqhmYtVmMO6518mCuRMoOYFldEBl0g187ufozdaHgWKcYFb61qGiA=="],

    "cliui": ["cliui@7.0.4", "", { "dependencies": { "string-width": "^4.2.0", "strip-ansi": "^6.0.0", "wrap-ansi": "^7.0.0" } }, "sha512-OcRE68cOsVMXp1Yvonl/fzkQOyjLSu/8bhPDfQt0e0/Eb283TKP20Fs2MqoPsr9SwA595rRCA+QMzYc9nBP+JQ=="],

    "color-convert": ["color-convert@2.0.1", "", { "dependencies": { "color-name": "~1.1.4" } }, "sha512-RRECPsj7iu/xb5oKYcsFHSppFNnsj/52OVTRKb4zP5onXwVF3zVmmToNcOfGC+CRDpfK/U584fMg38ZHCaElKQ=="],

    "color-name": ["color-name@1.1.4", "", {}, "sha512-dOy+3AuW3a2wNbZHIuMZpTcgjGuLU/uBL/ubcZF9OXbDo8ff4O8yVp5Bf0efS8uEoYo5q4Fx7dY9OgQGXgAsQA=="],

    "concat-map": ["concat-map@0.0.1", "", {}, "sha512-/Srv4dswyQNBfohGpz9o6Yb3Gz3SrUDqBH5rTuhGR7ahtlbYKnVxw2bCFMRljaA7EXHaXZ8wsHdodFvbkhKmqg=="],

    "copyfiles": ["copyfiles@2.4.1", "", { "dependencies": { "glob": "^7.0.5", "minimatch": "^3.0.3", "mkdirp": "^1.0.4", "noms": "0.0.0", "through2": "^2.0.1", "untildify": "^4.0.0", "yargs": "^16.1.0" }, "bin": { "copyfiles": "copyfiles", "copyup": "copyfiles" } }, "sha512-fereAvAvxDrQDOXybk3Qu3dPbOoKoysFMWtkY3mv5BsL8//OSZVL5DCLYqgRfY5cWirgRzlC+WSrxp6Bo3eNZg=="],

    "core-util-is": ["core-util-is@1.0.3", "", {}, "sha512-ZQBvi1DcpJ4GDqanjucZ2Hj3wEO5pZDS89BWbkcrvdxksJorwUDDZamX9ldFkp9aw2lmBDLgkObEA4DWNJ9FYQ=="],

    "emoji-regex": ["emoji-regex@8.0.0", "", {}, "sha512-MSjYzcWNOA0ewAHpz0MxpYFvwg6yjy1NG3xteoqz644VCo/RPgnr1/GGt+ic3iJTzQ8Eu3TdM14SawnVUmGE6A=="],

    "esbuild": ["esbuild@0.24.2", "", { "optionalDependencies": { "@esbuild/aix-ppc64": "0.24.2", "@esbuild/android-arm": "0.24.2", "@esbuild/android-arm64": "0.24.2", "@esbuild/android-x64": "0.24.2", "@esbuild/darwin-arm64": "0.24.2", "@esbuild/darwin-x64": "0.24.2", "@esbuild/freebsd-arm64": "0.24.2", "@esbuild/freebsd-x64": "0.24.2", "@esbuild/linux-arm": "0.24.2", "@esbuild/linux-arm64": "0.24.2", "@esbuild/linux-ia32": "0.24.2", "@esbuild/linux-loong64": "0.24.2", "@esbuild/linux-mips64el": "0.24.2", "@esbuild/linux-ppc64": "0.24.2", "@esbuild/linux-riscv64": "0.24.2", "@esbuild/linux-s390x": "0.24.2", "@esbuild/linux-x64": "0.24.2", "@esbuild/netbsd-arm64": "0.24.2", "@esbuild/netbsd-x64": "0.24.2", "@esbuild/openbsd-arm64": "0.24.2", "@esbuild/openbsd-x64": "0.24.2", "@esbuild/sunos-x64": "0.24.2", "@esbuild/win32-arm64": "0.24.2", "@esbuild/win32-ia32": "0.24.2", "@esbuild/win32-x64": "0.24.2" }, "bin": "bin/esbuild" }, "sha512-+9egpBW8I3CD5XPe0n6BfT5fxLzxrlDzqydF3aviG+9ni1lDC/OvMHcxqEFV0+LANZG5R1bFMWfUrjVsdwxJvA=="],

    "escalade": ["escalade@3.2.0", "", {}, "sha512-WUj2qlxaQtO4g6Pq5c29GTcWGDyd8itL8zTlipgECz3JesAiiOKotd8JU6otB3PACgG6xkJUyVhboMS+bje/jA=="],

    "fs.realpath": ["fs.realpath@1.0.0", "", {}, "sha512-OO0pH2lK6a0hZnAdau5ItzHPI6pUlvI7jMVnxUQRtw4owF2wk8lOSabtGDCTP4Ggrg2MbGnWO9X8K1t4+fGMDw=="],

    "fsevents": ["fsevents@2.3.3", "", { "os": "darwin" }, "sha512-5xoDfX+fL7faATnagmWPpbFtwh/R77WmMMqqHGS65C3vvB0YHrgF+B1YmZ3441tMj5n63k0212XNoJwzlhffQw=="],

    "get-caller-file": ["get-caller-file@2.0.5", "", {}, "sha512-DyFP3BM/3YHTQOCUL/w0OZHR0lpKeGrxotcHWcqNEdnltqFwXVfhEBQ94eIo34AfQpo0rGki4cyIiftY06h2Fg=="],

    "glob": ["glob@7.2.3", "", { "dependencies": { "fs.realpath": "^1.0.0", "inflight": "^1.0.4", "inherits": "2", "minimatch": "^3.1.1", "once": "^1.3.0", "path-is-absolute": "^1.0.0" } }, "sha512-nFR0zLpU2YCaRxwoCJvL6UvCH2JFyFVIvwTLsIf21AuHlMskA1hhTdk+LlYJtOlYt9v6dvszD2BGRqBL+iQK9Q=="],

    "inflight": ["inflight@1.0.6", "", { "dependencies": { "once": "^1.3.0", "wrappy": "1" } }, "sha512-k92I/b08q4wvFscXCLvqfsHCrjrF7yiXsQuIVvVE7N82W3+aqpzuUdBbfhWcy/FZR3/4IgflMgKLOsvPDrGCJA=="],

    "inherits": ["inherits@2.0.4", "", {}, "sha512-k/vGaX4/Yla3WzyMCvTQOXYeIHvqOKtnqBduzTHpzpQZzAskKMhZ2K+EnBiSM9zGSoIFeMpXKxa4dYeZIQqewQ=="],

    "is-fullwidth-code-point": ["is-fullwidth-code-point@3.0.0", "", {}, "sha512-zymm5+u+sCsSWyD9qNaejV3DFvhCKclKdizYaJUuHA83RLjb7nSuGnddCHGv0hk+KY7BMAlsWeK4Ueg6EV6XQg=="],

    "isarray": ["isarray@0.0.1", "", {}, "sha512-D2S+3GLxWH+uhrNEcoh/fnmYeP8E8/zHl644d/jdA0g2uyXvy3sb0qxotE+ne0LtccHknQzWwZEzhak7oJ0COQ=="],

    "minimatch": ["minimatch@3.1.2", "", { "dependencies": { "brace-expansion": "^1.1.7" } }, "sha512-J7p63hRiAjw1NDEww1W7i37+ByIrOWO5XQQAzZ3VOcL0PNybwpfmV/N05zFAzwQ9USyEcX6t3UO+K5aqBQOIHw=="],

    "mkdirp": ["mkdirp@1.0.4", "", { "bin": { "mkdirp": "bin/cmd.js" } }, "sha512-vVqVZQyf3WLx2Shd0qJ9xuvqgAyKPLAiqITEtqW0oIUjzo3PePDd6fW9iFz30ef7Ysp/oiWqbhszeGWW2T6Gzw=="],

    "nanoid": ["nanoid@3.3.8", "", { "bin": "bin/nanoid.cjs" }, "sha512-WNLf5Sd8oZxOm+TzppcYk8gVOgP+l58xNy58D0nbUnOxOWRWvlcCV4kUF7ltmI6PsrLl/BgKEyS4mqsGChFN0w=="],

    "noms": ["noms@0.0.0", "", { "dependencies": { "inherits": "^2.0.1", "readable-stream": "~1.0.31" } }, "sha512-lNDU9VJaOPxUmXcLb+HQFeUgQQPtMI24Gt6hgfuMHRJgMRHMF/qZ4HJD3GDru4sSw9IQl2jPjAYnQrdIeLbwow=="],

    "once": ["once@1.4.0", "", { "dependencies": { "wrappy": "1" } }, "sha512-lNaJgI+2Q5URQBkccEKHTQOPaXdUxnZZElQTZY0MFUAuaEqe1E+Nyvgdz/aIyNi6Z9MzO5dv1H8n58/GELp3+w=="],

    "path-is-absolute": ["path-is-absolute@1.0.1", "", {}, "sha512-AVbw3UJ2e9bq64vSaS9Am0fje1Pa8pbGqTTsmXfaIiMpnr5DlDhfJOuLj9Sf95ZPVDAUerDfEk88MPmPe7UCQg=="],

    "picocolors": ["picocolors@1.1.1", "", {}, "sha512-xceH2snhtb5M9liqDsmEw56le376mTZkEX/jEb/RxNFyegNul7eNslCXP9FDj/Lcu0X8KEyMceP2ntpaHrDEVA=="],

    "postcss": ["postcss@8.5.1", "", { "dependencies": { "nanoid": "^3.3.8", "picocolors": "^1.1.1", "source-map-js": "^1.2.1" } }, "sha512-6oz2beyjc5VMn/KV1pPw8fliQkhBXrVn1Z3TVyqZxU8kZpzEKhBdmCFqI6ZbmGtamQvQGuU1sgPTk8ZrXDD7jQ=="],

    "process-nextick-args": ["process-nextick-args@2.0.1", "", {}, "sha512-3ouUOpQhtgrbOa17J7+uxOTpITYWaGP7/AhoR3+A+/1e9skrzelGi/dXzEYyvbxubEF6Wn2ypscTKiKJFFn1ag=="],

    "readable-stream": ["readable-stream@1.0.34", "", { "dependencies": { "core-util-is": "~1.0.0", "inherits": "~2.0.1", "isarray": "0.0.1", "string_decoder": "~0.10.x" } }, "sha512-ok1qVCJuRkNmvebYikljxJA/UEsKwLl2nI1OmaqAu4/UE+h0wKCHok4XkL/gvi39OacXvw59RJUOFUkDib2rHg=="],

    "require-directory": ["require-directory@2.1.1", "", {}, "sha512-fGxEI7+wsG9xrvdjsrlmL22OMTTiHRwAMroiEeMgq8gzoLC/PQr7RsRDSTLUg/bZAZtF+TVIkHc6/4RIKrui+Q=="],

    "rollup": ["rollup@4.32.0", "", { "dependencies": { "@types/estree": "1.0.6" }, "optionalDependencies": { "@rollup/rollup-android-arm-eabi": "4.32.0", "@rollup/rollup-android-arm64": "4.32.0", "@rollup/rollup-darwin-arm64": "4.32.0", "@rollup/rollup-darwin-x64": "4.32.0", "@rollup/rollup-freebsd-arm64": "4.32.0", "@rollup/rollup-freebsd-x64": "4.32.0", "@rollup/rollup-linux-arm-gnueabihf": "4.32.0", "@rollup/rollup-linux-arm-musleabihf": "4.32.0", "@rollup/rollup-linux-arm64-gnu": "4.32.0", "@rollup/rollup-linux-arm64-musl": "4.32.0", "@rollup/rollup-linux-loongarch64-gnu": "4.32.0", "@rollup/rollup-linux-powerpc64le-gnu": "4.32.0", "@rollup/rollup-linux-riscv64-gnu": "4.32.0", "@rollup/rollup-linux-s390x-gnu": "4.32.0", "@rollup/rollup-linux-x64-gnu": "4.32.0", "@rollup/rollup-linux-x64-musl": "4.32.0", "@rollup/rollup-win32-arm64-msvc": "4.32.0", "@rollup/rollup-win32-ia32-msvc": "4.32.0", "@rollup/rollup-win32-x64-msvc": "4.32.0", "fsevents": "~2.3.2" }, "bin": "dist/bin/rollup" }, "sha512-JmrhfQR31Q4AuNBjjAX4s+a/Pu/Q8Q9iwjWBsjRH1q52SPFE2NqRMK6fUZKKnvKO6id+h7JIRf0oYsph53eATg=="],

    "safe-buffer": ["safe-buffer@5.1.2", "", {}, "sha512-Gd2UZBJDkXlY7GbJxfsE8/nvKkUEU1G38c1siN6QP6a9PT9MmHB8GnpscSmMJSoF8LOIrt8ud/wPtojys4G6+g=="],

    "source-map-js": ["source-map-js@1.2.1", "", {}, "sha512-UXWMKhLOwVKb728IUtQPXxfYU+usdybtUrK/8uGE8CQMvrhOpwvzDBwj0QhSL7MQc7vIsISBG8VQ8+IDQxpfQA=="],

    "string-width": ["string-width@4.2.3", "", { "dependencies": { "emoji-regex": "^8.0.0", "is-fullwidth-code-point": "^3.0.0", "strip-ansi": "^6.0.1" } }, "sha512-wKyQRQpjJ0sIp62ErSZdGsjMJWsap5oRNihHhu6G7JVO/9jIB6UyevL+tXuOqrng8j/cxKTWyWUwvSTriiZz/g=="],

    "string_decoder": ["string_decoder@0.10.31", "", {}, "sha512-ev2QzSzWPYmy9GuqfIVildA4OdcGLeFZQrq5ys6RtiuF+RQQiZWr8TZNyAcuVXyQRYfEO+MsoB/1BuQVhOJuoQ=="],

    "strip-ansi": ["strip-ansi@6.0.1", "", { "dependencies": { "ansi-regex": "^5.0.1" } }, "sha512-Y38VPSHcqkFrCpFnQ9vuSXmquuv5oXOKpGeT6aGrr3o3Gc9AlVa6JBfUSOCnbxGGZF+/0ooI7KrPuUSztUdU5A=="],

    "through2": ["through2@2.0.5", "", { "dependencies": { "readable-stream": "~2.3.6", "xtend": "~4.0.1" } }, "sha512-/mrRod8xqpA+IHSLyGCQ2s8SPHiCDEeQJSep1jqLYeEUClOFG2Qsh+4FU6G9VeqpZnGW/Su8LQGc4YKni5rYSQ=="],

    "tsc": ["tsc@2.0.4", "", { "bin": "bin/tsc" }, "sha512-fzoSieZI5KKJVBYGvwbVZs/J5za84f2lSTLPYf6AGiIf43tZ3GNrI1QzTLcjtyDDP4aLxd46RTZq1nQxe7+k5Q=="],

    "typescript": ["typescript@5.8.3", "", { "bin": { "tsc": "bin/tsc", "tsserver": "bin/tsserver" } }, "sha512-p1diW6TqL9L07nNxvRMM7hMMw4c5XOo/1ibL4aAIGmSAt9slTE1Xgw5KWuof2uTOvCg9BY7ZRi+GaF+7sfgPeQ=="],

    "untildify": ["untildify@4.0.0", "", {}, "sha512-KK8xQ1mkzZeg9inewmFVDNkg3l5LUhoq9kN6iWYB/CC9YMG8HA+c1Q8HwDe6dEX7kErrEVNVBO3fWsVq5iDgtw=="],

    "util-deprecate": ["util-deprecate@1.0.2", "", {}, "sha512-EPD5q1uXyFxJpCrLnCc1nHnq3gOa6DZBocAIiI2TaSCA7VCJ1UJDMagCzIkXNsUYfD1daK//LTEQ8xiIbrHtcw=="],

    "vite": ["vite@6.0.11", "", { "dependencies": { "esbuild": "^0.24.2", "postcss": "^8.4.49", "rollup": "^4.23.0" }, "optionalDependencies": { "fsevents": "~2.3.3" }, "peerDependencies": { "@types/node": "^18.0.0 || ^20.0.0 || >=22.0.0", "jiti": ">=1.21.0", "less": "*", "lightningcss": "^1.21.0", "sass": "*", "sass-embedded": "*", "stylus": "*", "sugarss": "*", "terser": "^5.16.0", "tsx": "^4.8.1", "yaml": "^2.4.2" }, "optionalPeers": ["@types/node", "jiti", "less", "lightningcss", "sass", "sass-embedded", "stylus", "sugarss", "terser", "tsx", "yaml"], "bin": "bin/vite.js" }, "sha512-4VL9mQPKoHy4+FE0NnRE/kbY51TOfaknxAjt3fJbGJxhIpBZiqVzlZDEesWWsuREXHwNdAoOFZ9MkPEVXczHwg=="],

    "wrap-ansi": ["wrap-ansi@7.0.0", "", { "dependencies": { "ansi-styles": "^4.0.0", "string-width": "^4.1.0", "strip-ansi": "^6.0.0" } }, "sha512-YVGIj2kamLSTxw6NsZjoBxfSwsn0ycdesmc4p+Q21c5zPuZ1pl+NfxVdxPtdHvmNVOQ6XSYG4AUtyt/Fi7D16Q=="],

    "wrappy": ["wrappy@1.0.2", "", {}, "sha512-l4Sp/DRseor9wL6EvV2+TuQn63dMkPjZ/sp9XkghTEbV9KlPS1xUsZ3u7/IQO4wxtcFB4bgpQPRcR3QCvezPcQ=="],

    "xtend": ["xtend@4.0.2", "", {}, "sha512-LKYU1iAXJXUgAXn9URjiu+MWhyUXHsvfp7mcuYm9dSUKK0/CjtrUwFAxD82/mCWbtLsGjFIad0wIsod4zrTAEQ=="],

    "y18n": ["y18n@5.0.8", "", {}, "sha512-0pfFzegeDWJHJIAmTLRP2DwHjdF5s7jo9tuztdQxAhINCdvS+3nGINqPd00AphqJR/0LhANUS6/+7SCb98YOfA=="],

    "yargs": ["yargs@16.2.0", "", { "dependencies": { "cliui": "^7.0.2", "escalade": "^3.1.1", "get-caller-file": "^2.0.5", "require-directory": "^2.1.1", "string-width": "^4.2.0", "y18n": "^5.0.5", "yargs-parser": "^20.2.2" } }, "sha512-D1mvvtDG0L5ft/jGWkLpG1+m0eQxOfaBvTNELraWj22wSVUMWxZUvYgJYcKh6jGGIkJFhH4IZPQhR4TKpc8mBw=="],

    "yargs-parser": ["yargs-parser@20.2.9", "", {}, "sha512-y11nGElTIV+CT3Zv9t7VKl+Q3hTQoT9a1Qzezhhl6Rp21gJ/IVTW7Z3y9EWXhuUBC2Shnf+DX0antecpAwSP8w=="],

    "through2/readable-stream": ["readable-stream@2.3.8", "", { "dependencies": { "core-util-is": "~1.0.0", "inherits": "~2.0.3", "isarray": "~1.0.0", "process-nextick-args": "~2.0.0", "safe-buffer": "~5.1.1", "string_decoder": "~1.1.1", "util-deprecate": "~1.0.1" } }, "sha512-8p0AUk4XODgIewSi0l8Epjs+EVnWiK7NoDIEGU0HhE7+ZyY8D1IMY7odu5lRrFXGg71L15KG8QrPmum45RTtdA=="],

    "through2/readable-stream/isarray": ["isarray@1.0.0", "", {}, "sha512-VLghIWNM6ELQzo7zwmcg0NmTVyWKYjvIeM83yjp0wRDTmUnrM678fQbcKBo6n2CJEF0szoG//ytg+TKla89ALQ=="],

    "through2/readable-stream/string_decoder": ["string_decoder@1.1.1", "", { "dependencies": { "safe-buffer": "~5.1.0" } }, "sha512-n/ShnvDi6FHbbVfviro+WojiFzv+s8MPMHBczVePfUpDJLwoLT0ht1l4YwBCbi8pJAveEEdnkHyPyTP/mzRfwg=="],
  }
}
